// !$*UTF8*$!
{
	archiveVersion = 1;
	classes = {
	};
	objectVersion = 54;
	objects = {

/* Begin PBXBuildFile section */
		654864A827480DE600F78F99 /* Sparkle.framework in Frameworks */ = {isa = PBXBuildFile; fileRef = 654864A627480DCC00F78F99 /* Sparkle.framework */; };
		654864A927480DE600F78F99 /* Sparkle.framework in Embed Frameworks */ = {isa = PBXBuildFile; fileRef = 654864A627480DCC00F78F99 /* Sparkle.framework */; settings = {ATTRIBUTES = (CodeSignOnCopy, RemoveHeadersOnCopy, ); }; };
		65533217267F5D86004231D6 /* README.md in Resources */ = {isa = PBXBuildFile; fileRef = 65533216267F5D86004231D6 /* README.md */; };
		65996D01267EAB9E0080A9A5 /* AccessibilityDialog.m in Sources */ = {isa = PBXBuildFile; fileRef = 65996CFF267EAB9E0080A9A5 /* AccessibilityDialog.m */; };
		65996D10267EAD240080A9A5 /* CoreAudio.framework in Frameworks */ = {isa = PBXBuildFile; fileRef = 65996D0F267EAD240080A9A5 /* CoreAudio.framework */; };
		65996D12267EAD310080A9A5 /* ScriptingBridge.framework in Frameworks */ = {isa = PBXBuildFile; fileRef = 65996D11267EAD310080A9A5 /* ScriptingBridge.framework */; };
		65996D14267EAD390080A9A5 /* IOKit.framework in Frameworks */ = {isa = PBXBuildFile; fileRef = 65996D13267EAD390080A9A5 /* IOKit.framework */; };
		65996D16267EAD410080A9A5 /* QuartzCore.framework in Frameworks */ = {isa = PBXBuildFile; fileRef = 65996D15267EAD410080A9A5 /* QuartzCore.framework */; };
		65996D18267EAD470080A9A5 /* Cocoa.framework in Frameworks */ = {isa = PBXBuildFile; fileRef = 65996D17267EAD470080A9A5 /* Cocoa.framework */; };
		65996DE4267EAE1F0080A9A5 /* Credits.rtf in Resources */ = {isa = PBXBuildFile; fileRef = 65996DE3267EAE1F0080A9A5 /* Credits.rtf */; };
		65996DE9267EAE6D0080A9A5 /* dsa_pub.pem in Resources */ = {isa = PBXBuildFile; fileRef = 65996DE7267EAE650080A9A5 /* dsa_pub.pem */; };
		65996DF7267EAEF30080A9A5 /* Media.xcassets in Resources */ = {isa = PBXBuildFile; fileRef = 65996DF4267EAEF30080A9A5 /* Media.xcassets */; };
		65996DF9267EAF260080A9A5 /* MainMenu.xib in Resources */ = {isa = PBXBuildFile; fileRef = 65996DF8267EAF260080A9A5 /* MainMenu.xib */; };
		65996DFB267EAF330080A9A5 /* AccessibilityDialog.xib in Resources */ = {isa = PBXBuildFile; fileRef = 65996DFA267EAF330080A9A5 /* AccessibilityDialog.xib */; };
		65996E09267EB0FF0080A9A5 /* main.m in Sources */ = {isa = PBXBuildFile; fileRef = 65996E08267EB0FF0080A9A5 /* main.m */; };
		65996E1A267EB14F0080A9A5 /* AppDelegate.m in Sources */ = {isa = PBXBuildFile; fileRef = 65996E13267EB14F0080A9A5 /* AppDelegate.m */; };
		65996E1B267EB14F0080A9A5 /* SystemVolume.m in Sources */ = {isa = PBXBuildFile; fileRef = 65996E16267EB14F0080A9A5 /* SystemVolume.m */; };
/* End PBXBuildFile section */

/* Begin PBXCopyFilesBuildPhase section */
		65240F052697021A007ABB5F /* Embed Frameworks */ = {
			isa = PBXCopyFilesBuildPhase;
			buildActionMask = 2147483647;
			dstPath = "";
			dstSubfolderSpec = 10;
			files = (
				654864A927480DE600F78F99 /* Sparkle.framework in Embed Frameworks */,
			);
			name = "Embed Frameworks";
			runOnlyForDeploymentPostprocessing = 0;
		};
/* End PBXCopyFilesBuildPhase section */

/* Begin PBXFileReference section */
		65220C75267F49CB007BE316 /* generate_keys.rb */ = {isa = PBXFileReference; lastKnownFileType = text.script.ruby; path = generate_keys.rb; sourceTree = "<group>"; };
		65220C76267F49D4007BE316 /* sign_update.rb */ = {isa = PBXFileReference; lastKnownFileType = text.script.ruby; path = sign_update.rb; sourceTree = "<group>"; };
		654864A627480DCC00F78F99 /* Sparkle.framework */ = {isa = PBXFileReference; lastKnownFileType = wrapper.framework; path = Sparkle.framework; sourceTree = "<group>"; };
		65533216267F5D86004231D6 /* README.md */ = {isa = PBXFileReference; fileEncoding = 4; lastKnownFileType = net.daringfireball.markdown; path = README.md; sourceTree = SOURCE_ROOT; };
		65996C55267EA86A0080A9A5 /* Volume Control.app */ = {isa = PBXFileReference; explicitFileType = wrapper.application; includeInIndex = 0; path = "Volume Control.app"; sourceTree = BUILT_PRODUCTS_DIR; };
		65996CDF267EAB660080A9A5 /* keyboard.png */ = {isa = PBXFileReference; lastKnownFileType = image.png; path = keyboard.png; sourceTree = "<group>"; };
		65996CE0267EAB660080A9A5 /* introButtons-next.png */ = {isa = PBXFileReference; lastKnownFileType = image.png; path = "introButtons-next.png"; sourceTree = "<group>"; };
		65996CE1267EAB660080A9A5 /* statusbar-screenshot.png */ = {isa = PBXFileReference; lastKnownFileType = image.png; path = "statusbar-screenshot.png"; sourceTree = "<group>"; };
		65996CE2267EAB660080A9A5 /* introButtons-next@2x.png */ = {isa = PBXFileReference; lastKnownFileType = image.png; path = "introButtons-next@2x.png"; sourceTree = "<group>"; };
		65996CE3267EAB660080A9A5 /* keyboard.psd */ = {isa = PBXFileReference; lastKnownFileType = file; path = keyboard.psd; sourceTree = "<group>"; };
		65996CE4267EAB660080A9A5 /* introButtons-close.png */ = {isa = PBXFileReference; lastKnownFileType = image.png; path = "introButtons-close.png"; sourceTree = "<group>"; };
		65996CE5267EAB660080A9A5 /* introButtons-prev-HL@2x.png */ = {isa = PBXFileReference; lastKnownFileType = image.png; path = "introButtons-prev-HL@2x.png"; sourceTree = "<group>"; };
		65996CE6267EAB660080A9A5 /* introButtons-close-HL@2x.png */ = {isa = PBXFileReference; lastKnownFileType = image.png; path = "introButtons-close-HL@2x.png"; sourceTree = "<group>"; };
		65996CE7267EAB660080A9A5 /* iTunes-screenshot.psd */ = {isa = PBXFileReference; lastKnownFileType = file; path = "iTunes-screenshot.psd"; sourceTree = "<group>"; };
		65996CE8267EAB660080A9A5 /* iTunes-screenshot.ai */ = {isa = PBXFileReference; lastKnownFileType = text; path = "iTunes-screenshot.ai"; sourceTree = "<group>"; };
		65996CE9267EAB660080A9A5 /* iTunes-arrow-2.png */ = {isa = PBXFileReference; lastKnownFileType = image.png; path = "iTunes-arrow-2.png"; sourceTree = "<group>"; };
		65996CEA267EAB660080A9A5 /* introButtons-prev@2x.png */ = {isa = PBXFileReference; lastKnownFileType = image.png; path = "introButtons-prev@2x.png"; sourceTree = "<group>"; };
		65996CEB267EAB660080A9A5 /* keyboard@2x.png */ = {isa = PBXFileReference; lastKnownFileType = image.png; path = "keyboard@2x.png"; sourceTree = "<group>"; };
		65996CEC267EAB660080A9A5 /* introButtons-next-HL.png */ = {isa = PBXFileReference; lastKnownFileType = image.png; path = "introButtons-next-HL.png"; sourceTree = "<group>"; };
		65996CED267EAB670080A9A5 /* introButtons-close-HL.png */ = {isa = PBXFileReference; lastKnownFileType = image.png; path = "introButtons-close-HL.png"; sourceTree = "<group>"; };
		65996CEE267EAB670080A9A5 /* iTunes-arrow-1@2x.png */ = {isa = PBXFileReference; lastKnownFileType = image.png; path = "iTunes-arrow-1@2x.png"; sourceTree = "<group>"; };
		65996CEF267EAB670080A9A5 /* iTunes-arrow-2@2x.png */ = {isa = PBXFileReference; lastKnownFileType = image.png; path = "iTunes-arrow-2@2x.png"; sourceTree = "<group>"; };
		65996CF0267EAB670080A9A5 /* iTunes-screenshot.png */ = {isa = PBXFileReference; lastKnownFileType = image.png; path = "iTunes-screenshot.png"; sourceTree = "<group>"; };
		65996CF1267EAB670080A9A5 /* introButtons-next-HL@2x.png */ = {isa = PBXFileReference; lastKnownFileType = image.png; path = "introButtons-next-HL@2x.png"; sourceTree = "<group>"; };
		65996CF2267EAB670080A9A5 /* iTunes-arrow-1.png */ = {isa = PBXFileReference; lastKnownFileType = image.png; path = "iTunes-arrow-1.png"; sourceTree = "<group>"; };
		65996CF3267EAB670080A9A5 /* introButtons-prev.png */ = {isa = PBXFileReference; lastKnownFileType = image.png; path = "introButtons-prev.png"; sourceTree = "<group>"; };
		65996CF4267EAB670080A9A5 /* introButtons-prev-HL.png */ = {isa = PBXFileReference; lastKnownFileType = image.png; path = "introButtons-prev-HL.png"; sourceTree = "<group>"; };
		65996CF5267EAB670080A9A5 /* introButtons-close@2x.png */ = {isa = PBXFileReference; lastKnownFileType = image.png; path = "introButtons-close@2x.png"; sourceTree = "<group>"; };
		65996CF6267EAB670080A9A5 /* introButtons.ai */ = {isa = PBXFileReference; lastKnownFileType = text; path = introButtons.ai; sourceTree = "<group>"; };
		65996CF7267EAB800080A9A5 /* icon_32x32.png */ = {isa = PBXFileReference; lastKnownFileType = image.png; path = icon_32x32.png; sourceTree = "<group>"; };
		65996CF8267EAB800080A9A5 /* icon_16x16@2x.png */ = {isa = PBXFileReference; lastKnownFileType = image.png; path = "icon_16x16@2x.png"; sourceTree = "<group>"; };
		65996CF9267EAB800080A9A5 /* icon_128x128.png */ = {isa = PBXFileReference; lastKnownFileType = image.png; path = icon_128x128.png; sourceTree = "<group>"; };
		65996CFA267EAB800080A9A5 /* icon_16x16.png */ = {isa = PBXFileReference; lastKnownFileType = image.png; path = icon_16x16.png; sourceTree = "<group>"; };
		65996CFB267EAB800080A9A5 /* icon_32x32@2x.png */ = {isa = PBXFileReference; lastKnownFileType = image.png; path = "icon_32x32@2x.png"; sourceTree = "<group>"; };
		65996CFE267EAB9E0080A9A5 /* AccessibilityDialog.h */ = {isa = PBXFileReference; fileEncoding = 4; lastKnownFileType = sourcecode.c.h; path = AccessibilityDialog.h; sourceTree = "<group>"; };
		65996CFF267EAB9E0080A9A5 /* AccessibilityDialog.m */ = {isa = PBXFileReference; fileEncoding = 4; lastKnownFileType = sourcecode.c.objc; path = AccessibilityDialog.m; sourceTree = "<group>"; };
		65996D06267EAC8E0080A9A5 /* SystemVolume.scpt */ = {isa = PBXFileReference; lastKnownFileType = file; path = SystemVolume.scpt; sourceTree = "<group>"; };
		65996D0F267EAD240080A9A5 /* CoreAudio.framework */ = {isa = PBXFileReference; lastKnownFileType = wrapper.framework; name = CoreAudio.framework; path = System/Library/Frameworks/CoreAudio.framework; sourceTree = SDKROOT; };
		65996D11267EAD310080A9A5 /* ScriptingBridge.framework */ = {isa = PBXFileReference; lastKnownFileType = wrapper.framework; name = ScriptingBridge.framework; path = System/Library/Frameworks/ScriptingBridge.framework; sourceTree = SDKROOT; };
		65996D13267EAD390080A9A5 /* IOKit.framework */ = {isa = PBXFileReference; lastKnownFileType = wrapper.framework; name = IOKit.framework; path = System/Library/Frameworks/IOKit.framework; sourceTree = SDKROOT; };
		65996D15267EAD410080A9A5 /* QuartzCore.framework */ = {isa = PBXFileReference; lastKnownFileType = wrapper.framework; name = QuartzCore.framework; path = System/Library/Frameworks/QuartzCore.framework; sourceTree = SDKROOT; };
		65996D17267EAD470080A9A5 /* Cocoa.framework */ = {isa = PBXFileReference; lastKnownFileType = wrapper.framework; name = Cocoa.framework; path = System/Library/Frameworks/Cocoa.framework; sourceTree = SDKROOT; };
		65996DE3267EAE1F0080A9A5 /* Credits.rtf */ = {isa = PBXFileReference; fileEncoding = 4; lastKnownFileType = text.rtf; path = Credits.rtf; sourceTree = "<group>"; };
		65996DE7267EAE650080A9A5 /* dsa_pub.pem */ = {isa = PBXFileReference; lastKnownFileType = text; path = dsa_pub.pem; sourceTree = "<group>"; };
		65996DF2267EAEF20080A9A5 /* volume.ai */ = {isa = PBXFileReference; fileEncoding = 4; lastKnownFileType = text; path = volume.ai; sourceTree = "<group>"; };
		65996DF3267EAEF20080A9A5 /* statusbar-item.ai */ = {isa = PBXFileReference; fileEncoding = 4; lastKnownFileType = text; path = "statusbar-item.ai"; sourceTree = "<group>"; };
		65996DF4267EAEF30080A9A5 /* Media.xcassets */ = {isa = PBXFileReference; lastKnownFileType = folder.assetcatalog; path = Media.xcassets; sourceTree = "<group>"; };
		65996DF8267EAF260080A9A5 /* MainMenu.xib */ = {isa = PBXFileReference; fileEncoding = 4; lastKnownFileType = file.xib; path = MainMenu.xib; sourceTree = "<group>"; };
		65996DFA267EAF330080A9A5 /* AccessibilityDialog.xib */ = {isa = PBXFileReference; fileEncoding = 4; lastKnownFileType = file.xib; path = AccessibilityDialog.xib; sourceTree = "<group>"; };
		65996E04267EB0FE0080A9A5 /* iTunes.h */ = {isa = PBXFileReference; fileEncoding = 4; lastKnownFileType = sourcecode.c.h; path = iTunes.h; sourceTree = "<group>"; };
		65996E05267EB0FF0080A9A5 /* iTunes Volume Control-Prefix.pch */ = {isa = PBXFileReference; fileEncoding = 4; lastKnownFileType = sourcecode.c.h; path = "iTunes Volume Control-Prefix.pch"; sourceTree = "<group>"; };
		65996E06267EB0FF0080A9A5 /* Music.h */ = {isa = PBXFileReference; fileEncoding = 4; lastKnownFileType = sourcecode.c.h; path = Music.h; sourceTree = "<group>"; };
		65996E07267EB0FF0080A9A5 /* Spotify.h */ = {isa = PBXFileReference; fileEncoding = 4; lastKnownFileType = sourcecode.c.h; path = Spotify.h; sourceTree = "<group>"; };
		65996E08267EB0FF0080A9A5 /* main.m */ = {isa = PBXFileReference; fileEncoding = 4; lastKnownFileType = sourcecode.c.objc; path = main.m; sourceTree = "<group>"; };
		65996E0B267EB1300080A9A5 /* AppleRemote.h */ = {isa = PBXFileReference; fileEncoding = 4; lastKnownFileType = sourcecode.c.h; path = AppleRemote.h; sourceTree = "<group>"; };
		65996E0C267EB1300080A9A5 /* CompatibilityFixes.h */ = {isa = PBXFileReference; fileEncoding = 4; lastKnownFileType = sourcecode.c.h; path = CompatibilityFixes.h; sourceTree = "<group>"; };
		65996E0D267EB1300080A9A5 /* AppleRemote.m */ = {isa = PBXFileReference; fileEncoding = 4; lastKnownFileType = sourcecode.c.objc; path = AppleRemote.m; sourceTree = "<group>"; };
		65996E0F267EB14F0080A9A5 /* ISSoundAdditions.m */ = {isa = PBXFileReference; fileEncoding = 4; lastKnownFileType = sourcecode.c.objc; path = ISSoundAdditions.m; sourceTree = "<group>"; };
		65996E10267EB14F0080A9A5 /* OSD.h */ = {isa = PBXFileReference; fileEncoding = 4; lastKnownFileType = sourcecode.c.h; path = OSD.h; sourceTree = "<group>"; };
		65996E11267EB14F0080A9A5 /* IntroWindowController.h */ = {isa = PBXFileReference; fileEncoding = 4; lastKnownFileType = sourcecode.c.h; path = IntroWindowController.h; sourceTree = "<group>"; };
		65996E12267EB14F0080A9A5 /* IntroWindowController.m */ = {isa = PBXFileReference; fileEncoding = 4; lastKnownFileType = sourcecode.c.objc; path = IntroWindowController.m; sourceTree = "<group>"; };
		65996E13267EB14F0080A9A5 /* AppDelegate.m */ = {isa = PBXFileReference; fileEncoding = 4; lastKnownFileType = sourcecode.c.objc; path = AppDelegate.m; sourceTree = "<group>"; };
		65996E14267EB14F0080A9A5 /* AppDelegate.h */ = {isa = PBXFileReference; fileEncoding = 4; lastKnownFileType = sourcecode.c.h; path = AppDelegate.h; sourceTree = "<group>"; };
		65996E15267EB14F0080A9A5 /* SystemVolume.h */ = {isa = PBXFileReference; fileEncoding = 4; lastKnownFileType = sourcecode.c.h; path = SystemVolume.h; sourceTree = "<group>"; };
		65996E16267EB14F0080A9A5 /* SystemVolume.m */ = {isa = PBXFileReference; fileEncoding = 4; lastKnownFileType = sourcecode.c.objc; path = SystemVolume.m; sourceTree = "<group>"; };
		65996E17267EB14F0080A9A5 /* ISSoundAdditions.h */ = {isa = PBXFileReference; fileEncoding = 4; lastKnownFileType = sourcecode.c.h; path = ISSoundAdditions.h; sourceTree = "<group>"; };
		65996E1C267EB3030080A9A5 /* Info.plist */ = {isa = PBXFileReference; lastKnownFileType = text.plist.xml; name = Info.plist; path = VolumeControl/Info.plist; sourceTree = "<group>"; };
		BC20FAA128902EF500CF5CAF /* Doppler.h */ = {isa = PBXFileReference; fileEncoding = 4; lastKnownFileType = sourcecode.c.h; path = Doppler.h; sourceTree = "<group>"; };
/* End PBXFileReference section */

/* Begin PBXFrameworksBuildPhase section */
		65996C52267EA86A0080A9A5 /* Frameworks */ = {
			isa = PBXFrameworksBuildPhase;
			buildActionMask = 2147483647;
			files = (
				65996D18267EAD470080A9A5 /* Cocoa.framework in Frameworks */,
				654864A827480DE600F78F99 /* Sparkle.framework in Frameworks */,
				65996D16267EAD410080A9A5 /* QuartzCore.framework in Frameworks */,
				65996D14267EAD390080A9A5 /* IOKit.framework in Frameworks */,
				65996D12267EAD310080A9A5 /* ScriptingBridge.framework in Frameworks */,
				65996D10267EAD240080A9A5 /* CoreAudio.framework in Frameworks */,
			);
			runOnlyForDeploymentPostprocessing = 0;
		};
/* End PBXFrameworksBuildPhase section */

/* Begin PBXGroup section */
		65996C4C267EA86A0080A9A5 = {
			isa = PBXGroup;
			children = (
				65996CD7267EAAC40080A9A5 /* User interface */,
				65996D03267EAC1F0080A9A5 /* Sources */,
				65996D1C267EADAA0080A9A5 /* Resources */,
				65996E1C267EB3030080A9A5 /* Info.plist */,
				65996D0C267EACE30080A9A5 /* Frameworks */,
				65996C56267EA86A0080A9A5 /* Products */,
			);
			sourceTree = "<group>";
		};
		65996C56267EA86A0080A9A5 /* Products */ = {
			isa = PBXGroup;
			children = (
				65996C55267EA86A0080A9A5 /* Volume Control.app */,
			);
			name = Products;
			sourceTree = "<group>";
		};
		65996CD7267EAAC40080A9A5 /* User interface */ = {
			isa = PBXGroup;
			children = (
				65996CD8267EAAD30080A9A5 /* Accessability */,
				65996CD9267EAADB0080A9A5 /* Images */,
				65996D04267EAC710080A9A5 /* XIBs */,
			);
			path = "User interface";
			sourceTree = "<group>";
		};
		65996CD8267EAAD30080A9A5 /* Accessability */ = {
			isa = PBXGroup;
			children = (
				65996CFE267EAB9E0080A9A5 /* AccessibilityDialog.h */,
				65996CFF267EAB9E0080A9A5 /* AccessibilityDialog.m */,
				65996DFA267EAF330080A9A5 /* AccessibilityDialog.xib */,
			);
			path = Accessability;
			sourceTree = "<group>";
		};
		65996CD9267EAADB0080A9A5 /* Images */ = {
			isa = PBXGroup;
			children = (
				65996CDB267EAB100080A9A5 /* Intro window */,
				65996CDC267EAB280080A9A5 /* appicon */,
				65996DF4267EAEF30080A9A5 /* Media.xcassets */,
				65996DF3267EAEF20080A9A5 /* statusbar-item.ai */,
				65996DF2267EAEF20080A9A5 /* volume.ai */,
			);
			path = Images;
			sourceTree = "<group>";
		};
		65996CDB267EAB100080A9A5 /* Intro window */ = {
			isa = PBXGroup;
			children = (
				65996CED267EAB670080A9A5 /* introButtons-close-HL.png */,
				65996CE6267EAB660080A9A5 /* introButtons-close-HL@2x.png */,
				65996CE4267EAB660080A9A5 /* introButtons-close.png */,
				65996CF5267EAB670080A9A5 /* introButtons-close@2x.png */,
				65996CEC267EAB660080A9A5 /* introButtons-next-HL.png */,
				65996CF1267EAB670080A9A5 /* introButtons-next-HL@2x.png */,
				65996CE0267EAB660080A9A5 /* introButtons-next.png */,
				65996CE2267EAB660080A9A5 /* introButtons-next@2x.png */,
				65996CF4267EAB670080A9A5 /* introButtons-prev-HL.png */,
				65996CE5267EAB660080A9A5 /* introButtons-prev-HL@2x.png */,
				65996CF3267EAB670080A9A5 /* introButtons-prev.png */,
				65996CEA267EAB660080A9A5 /* introButtons-prev@2x.png */,
				65996CF6267EAB670080A9A5 /* introButtons.ai */,
				65996CF2267EAB670080A9A5 /* iTunes-arrow-1.png */,
				65996CEE267EAB670080A9A5 /* iTunes-arrow-1@2x.png */,
				65996CE9267EAB660080A9A5 /* iTunes-arrow-2.png */,
				65996CEF267EAB670080A9A5 /* iTunes-arrow-2@2x.png */,
				65996CE8267EAB660080A9A5 /* iTunes-screenshot.ai */,
				65996CF0267EAB670080A9A5 /* iTunes-screenshot.png */,
				65996CE7267EAB660080A9A5 /* iTunes-screenshot.psd */,
				65996CDF267EAB660080A9A5 /* keyboard.png */,
				65996CE3267EAB660080A9A5 /* keyboard.psd */,
				65996CEB267EAB660080A9A5 /* keyboard@2x.png */,
				65996CE1267EAB660080A9A5 /* statusbar-screenshot.png */,
			);
			path = "Intro window";
			sourceTree = "<group>";
		};
		65996CDC267EAB280080A9A5 /* appicon */ = {
			isa = PBXGroup;
			children = (
				65996CFA267EAB800080A9A5 /* icon_16x16.png */,
				65996CF8267EAB800080A9A5 /* icon_16x16@2x.png */,
				65996CF7267EAB800080A9A5 /* icon_32x32.png */,
				65996CFB267EAB800080A9A5 /* icon_32x32@2x.png */,
				65996CF9267EAB800080A9A5 /* icon_128x128.png */,
			);
			path = appicon;
			sourceTree = "<group>";
		};
		65996D03267EAC1F0080A9A5 /* Sources */ = {
			isa = PBXGroup;
			children = (
				65996D0B267EACCC0080A9A5 /* Supporting files */,
				65996D09267EACB50080A9A5 /* Controllers */,
				65996D05267EAC800080A9A5 /* AppleScripts */,
			);
			path = Sources;
			sourceTree = "<group>";
		};
		65996D04267EAC710080A9A5 /* XIBs */ = {
			isa = PBXGroup;
			children = (
				65996DF8267EAF260080A9A5 /* MainMenu.xib */,
			);
			path = XIBs;
			sourceTree = "<group>";
		};
		65996D05267EAC800080A9A5 /* AppleScripts */ = {
			isa = PBXGroup;
			children = (
				65996D06267EAC8E0080A9A5 /* SystemVolume.scpt */,
			);
			path = AppleScripts;
			sourceTree = "<group>";
		};
		65996D09267EACB50080A9A5 /* Controllers */ = {
			isa = PBXGroup;
			children = (
				65996E14267EB14F0080A9A5 /* AppDelegate.h */,
				65996E13267EB14F0080A9A5 /* AppDelegate.m */,
				65996E11267EB14F0080A9A5 /* IntroWindowController.h */,
				65996E12267EB14F0080A9A5 /* IntroWindowController.m */,
				65996E17267EB14F0080A9A5 /* ISSoundAdditions.h */,
				65996E0F267EB14F0080A9A5 /* ISSoundAdditions.m */,
				65996E10267EB14F0080A9A5 /* OSD.h */,
				65996E15267EB14F0080A9A5 /* SystemVolume.h */,
				65996E16267EB14F0080A9A5 /* SystemVolume.m */,
			);
			path = Controllers;
			sourceTree = "<group>";
		};
		65996D0B267EACCC0080A9A5 /* Supporting files */ = {
			isa = PBXGroup;
			children = (
				65996E0A267EB11F0080A9A5 /* AppleRemote */,
				65996E05267EB0FF0080A9A5 /* iTunes Volume Control-Prefix.pch */,
				65996E04267EB0FE0080A9A5 /* iTunes.h */,
				65996E08267EB0FF0080A9A5 /* main.m */,
				65996E06267EB0FF0080A9A5 /* Music.h */,
				65996E07267EB0FF0080A9A5 /* Spotify.h */,
				BC20FAA128902EF500CF5CAF /* Doppler.h */,
			);
			path = "Supporting files";
			sourceTree = "<group>";
		};
		65996D0C267EACE30080A9A5 /* Frameworks */ = {
			isa = PBXGroup;
			children = (
				654864A627480DCC00F78F99 /* Sparkle.framework */,
				65996D17267EAD470080A9A5 /* Cocoa.framework */,
				65996D15267EAD410080A9A5 /* QuartzCore.framework */,
				65996D13267EAD390080A9A5 /* IOKit.framework */,
				65996D11267EAD310080A9A5 /* ScriptingBridge.framework */,
				65996D0F267EAD240080A9A5 /* CoreAudio.framework */,
			);
			path = Frameworks;
			sourceTree = "<group>";
		};
		65996D1C267EADAA0080A9A5 /* Resources */ = {
			isa = PBXGroup;
			children = (
				65996DE5267EAE590080A9A5 /* Signing tools */,
				65533216267F5D86004231D6 /* README.md */,
				65996DE3267EAE1F0080A9A5 /* Credits.rtf */,
			);
			path = Resources;
			sourceTree = "<group>";
		};
		65996DE5267EAE590080A9A5 /* Signing tools */ = {
			isa = PBXGroup;
			children = (
				65220C75267F49CB007BE316 /* generate_keys.rb */,
				65220C76267F49D4007BE316 /* sign_update.rb */,
				65996DE7267EAE650080A9A5 /* dsa_pub.pem */,
			);
			path = "Signing tools";
			sourceTree = "<group>";
		};
		65996E0A267EB11F0080A9A5 /* AppleRemote */ = {
			isa = PBXGroup;
			children = (
				65996E0B267EB1300080A9A5 /* AppleRemote.h */,
				65996E0D267EB1300080A9A5 /* AppleRemote.m */,
				65996E0C267EB1300080A9A5 /* CompatibilityFixes.h */,
			);
			path = AppleRemote;
			sourceTree = "<group>";
		};
/* End PBXGroup section */

/* Begin PBXNativeTarget section */
		65996C54267EA86A0080A9A5 /* Volume Control */ = {
			isa = PBXNativeTarget;
			buildConfigurationList = 65996C66267EA86B0080A9A5 /* Build configuration list for PBXNativeTarget "Volume Control" */;
			buildPhases = (
				65996C51267EA86A0080A9A5 /* Sources */,
				65996C52267EA86A0080A9A5 /* Frameworks */,
				65996C53267EA86A0080A9A5 /* Resources */,
				65240F052697021A007ABB5F /* Embed Frameworks */,
			);
			buildRules = (
			);
			dependencies = (
			);
			name = "Volume Control";
			productName = VolumeControl;
			productReference = 65996C55267EA86A0080A9A5 /* Volume Control.app */;
			productType = "com.apple.product-type.application";
		};
/* End PBXNativeTarget section */

/* Begin PBXProject section */
		65996C4D267EA86A0080A9A5 /* Project object */ = {
			isa = PBXProject;
			attributes = {
				BuildIndependentTargetsInParallel = YES;
				LastUpgradeCheck = 1610;
				TargetAttributes = {
					65996C54267EA86A0080A9A5 = {
						CreatedOnToolsVersion = 12.5;
					};
				};
			};
			buildConfigurationList = 65996C50267EA86A0080A9A5 /* Build configuration list for PBXProject "Volume Control" */;
			compatibilityVersion = "Xcode 9.3";
			developmentRegion = en;
			hasScannedForEncodings = 0;
			knownRegions = (
				en,
				Base,
			);
			mainGroup = 65996C4C267EA86A0080A9A5;
			productRefGroup = 65996C56267EA86A0080A9A5 /* Products */;
			projectDirPath = "";
			projectRoot = "";
			targets = (
				65996C54267EA86A0080A9A5 /* Volume Control */,
			);
		};
/* End PBXProject section */

/* Begin PBXResourcesBuildPhase section */
		65996C53267EA86A0080A9A5 /* Resources */ = {
			isa = PBXResourcesBuildPhase;
			buildActionMask = 2147483647;
			files = (
				65996DE9267EAE6D0080A9A5 /* dsa_pub.pem in Resources */,
				65996DFB267EAF330080A9A5 /* AccessibilityDialog.xib in Resources */,
				65996DE4267EAE1F0080A9A5 /* Credits.rtf in Resources */,
				65533217267F5D86004231D6 /* README.md in Resources */,
				65996DF7267EAEF30080A9A5 /* Media.xcassets in Resources */,
				65996DF9267EAF260080A9A5 /* MainMenu.xib in Resources */,
			);
			runOnlyForDeploymentPostprocessing = 0;
		};
/* End PBXResourcesBuildPhase section */

/* Begin PBXSourcesBuildPhase section */
		65996C51267EA86A0080A9A5 /* Sources */ = {
			isa = PBXSourcesBuildPhase;
			buildActionMask = 2147483647;
			files = (
				65996E1A267EB14F0080A9A5 /* AppDelegate.m in Sources */,
				65996D01267EAB9E0080A9A5 /* AccessibilityDialog.m in Sources */,
				65996E1B267EB14F0080A9A5 /* SystemVolume.m in Sources */,
				65996E09267EB0FF0080A9A5 /* main.m in Sources */,
			);
			runOnlyForDeploymentPostprocessing = 0;
		};
/* End PBXSourcesBuildPhase section */

/* Begin XCBuildConfiguration section */
		65996C64267EA86B0080A9A5 /* Debug */ = {
			isa = XCBuildConfiguration;
			buildSettings = {
				ALWAYS_SEARCH_USER_PATHS = NO;
				CLANG_ANALYZER_NONNULL = YES;
				CLANG_ANALYZER_NUMBER_OBJECT_CONVERSION = YES_AGGRESSIVE;
				CLANG_CXX_LANGUAGE_STANDARD = "gnu++14";
				CLANG_CXX_LIBRARY = "libc++";
				CLANG_ENABLE_MODULES = YES;
				CLANG_ENABLE_OBJC_ARC = YES;
				CLANG_ENABLE_OBJC_WEAK = YES;
				CLANG_WARN_BLOCK_CAPTURE_AUTORELEASING = YES;
				CLANG_WARN_BOOL_CONVERSION = YES;
				CLANG_WARN_COMMA = YES;
				CLANG_WARN_CONSTANT_CONVERSION = YES;
				CLANG_WARN_DEPRECATED_OBJC_IMPLEMENTATIONS = YES;
				CLANG_WARN_DIRECT_OBJC_ISA_USAGE = YES_ERROR;
				CLANG_WARN_DOCUMENTATION_COMMENTS = YES;
				CLANG_WARN_EMPTY_BODY = YES;
				CLANG_WARN_ENUM_CONVERSION = YES;
				CLANG_WARN_INFINITE_RECURSION = YES;
				CLANG_WARN_INT_CONVERSION = YES;
				CLANG_WARN_NON_LITERAL_NULL_CONVERSION = YES;
				CLANG_WARN_OBJC_IMPLICIT_RETAIN_SELF = YES;
				CLANG_WARN_OBJC_LITERAL_CONVERSION = YES;
				CLANG_WARN_OBJC_ROOT_CLASS = YES_ERROR;
				CLANG_WARN_QUOTED_INCLUDE_IN_FRAMEWORK_HEADER = YES;
				CLANG_WARN_RANGE_LOOP_ANALYSIS = YES;
				CLANG_WARN_STRICT_PROTOTYPES = YES;
				CLANG_WARN_SUSPICIOUS_MOVE = YES;
				CLANG_WARN_UNGUARDED_AVAILABILITY = YES_AGGRESSIVE;
				CLANG_WARN_UNREACHABLE_CODE = YES;
				CLANG_WARN__DUPLICATE_METHOD_MATCH = YES;
				COPY_PHASE_STRIP = NO;
				DEAD_CODE_STRIPPING = YES;
				DEBUG_INFORMATION_FORMAT = dwarf;
				ENABLE_STRICT_OBJC_MSGSEND = YES;
				ENABLE_TESTABILITY = YES;
				ENABLE_USER_SCRIPT_SANDBOXING = YES;
				GCC_C_LANGUAGE_STANDARD = gnu11;
				GCC_DYNAMIC_NO_PIC = NO;
				GCC_NO_COMMON_BLOCKS = YES;
				GCC_OPTIMIZATION_LEVEL = 0;
				GCC_PREPROCESSOR_DEFINITIONS = (
					"DEBUG=1",
					"$(inherited)",
				);
				GCC_WARN_64_TO_32_BIT_CONVERSION = YES;
				GCC_WARN_ABOUT_RETURN_TYPE = YES_ERROR;
				GCC_WARN_UNDECLARED_SELECTOR = YES;
				GCC_WARN_UNINITIALIZED_AUTOS = YES_AGGRESSIVE;
				GCC_WARN_UNUSED_FUNCTION = YES;
				GCC_WARN_UNUSED_VARIABLE = YES;
				MACOSX_DEPLOYMENT_TARGET = 10.14;
				MTL_ENABLE_DEBUG_INFO = INCLUDE_SOURCE;
				MTL_FAST_MATH = YES;
				ONLY_ACTIVE_ARCH = YES;
				SDKROOT = macosx;
			};
			name = Debug;
		};
		65996C65267EA86B0080A9A5 /* Release */ = {
			isa = XCBuildConfiguration;
			buildSettings = {
				ALWAYS_SEARCH_USER_PATHS = NO;
				CLANG_ANALYZER_NONNULL = YES;
				CLANG_ANALYZER_NUMBER_OBJECT_CONVERSION = YES_AGGRESSIVE;
				CLANG_CXX_LANGUAGE_STANDARD = "gnu++14";
				CLANG_CXX_LIBRARY = "libc++";
				CLANG_ENABLE_MODULES = YES;
				CLANG_ENABLE_OBJC_ARC = YES;
				CLANG_ENABLE_OBJC_WEAK = YES;
				CLANG_WARN_BLOCK_CAPTURE_AUTORELEASING = YES;
				CLANG_WARN_BOOL_CONVERSION = YES;
				CLANG_WARN_COMMA = YES;
				CLANG_WARN_CONSTANT_CONVERSION = YES;
				CLANG_WARN_DEPRECATED_OBJC_IMPLEMENTATIONS = YES;
				CLANG_WARN_DIRECT_OBJC_ISA_USAGE = YES_ERROR;
				CLANG_WARN_DOCUMENTATION_COMMENTS = YES;
				CLANG_WARN_EMPTY_BODY = YES;
				CLANG_WARN_ENUM_CONVERSION = YES;
				CLANG_WARN_INFINITE_RECURSION = YES;
				CLANG_WARN_INT_CONVERSION = YES;
				CLANG_WARN_NON_LITERAL_NULL_CONVERSION = YES;
				CLANG_WARN_OBJC_IMPLICIT_RETAIN_SELF = YES;
				CLANG_WARN_OBJC_LITERAL_CONVERSION = YES;
				CLANG_WARN_OBJC_ROOT_CLASS = YES_ERROR;
				CLANG_WARN_QUOTED_INCLUDE_IN_FRAMEWORK_HEADER = YES;
				CLANG_WARN_RANGE_LOOP_ANALYSIS = YES;
				CLANG_WARN_STRICT_PROTOTYPES = YES;
				CLANG_WARN_SUSPICIOUS_MOVE = YES;
				CLANG_WARN_UNGUARDED_AVAILABILITY = YES_AGGRESSIVE;
				CLANG_WARN_UNREACHABLE_CODE = YES;
				CLANG_WARN__DUPLICATE_METHOD_MATCH = YES;
				COPY_PHASE_STRIP = NO;
				DEAD_CODE_STRIPPING = YES;
				DEBUG_INFORMATION_FORMAT = "dwarf-with-dsym";
				ENABLE_NS_ASSERTIONS = NO;
				ENABLE_STRICT_OBJC_MSGSEND = YES;
				ENABLE_USER_SCRIPT_SANDBOXING = YES;
				GCC_C_LANGUAGE_STANDARD = gnu11;
				GCC_NO_COMMON_BLOCKS = YES;
				GCC_WARN_64_TO_32_BIT_CONVERSION = YES;
				GCC_WARN_ABOUT_RETURN_TYPE = YES_ERROR;
				GCC_WARN_UNDECLARED_SELECTOR = YES;
				GCC_WARN_UNINITIALIZED_AUTOS = YES_AGGRESSIVE;
				GCC_WARN_UNUSED_FUNCTION = YES;
				GCC_WARN_UNUSED_VARIABLE = YES;
				MACOSX_DEPLOYMENT_TARGET = 10.14;
				MTL_ENABLE_DEBUG_INFO = NO;
				MTL_FAST_MATH = YES;
				SDKROOT = macosx;
			};
			name = Release;
		};
		65996C67267EA86B0080A9A5 /* Debug */ = {
			isa = XCBuildConfiguration;
			buildSettings = {
				ASSETCATALOG_COMPILER_APPICON_NAME = AppIcon;
				ASSETCATALOG_COMPILER_GLOBAL_ACCENT_COLOR_NAME = AccentColor;
				CODE_SIGN_ENTITLEMENTS = VolumeControl/VolumeControl.entitlements;
				CODE_SIGN_IDENTITY = "Apple Development";
				CODE_SIGN_STYLE = Automatic;
				COMBINE_HIDPI_IMAGES = YES;
				DEAD_CODE_STRIPPING = YES;
				DEVELOPMENT_TEAM = 9V3X7C8VCK;
				ENABLE_HARDENED_RUNTIME = YES;
				FRAMEWORK_SEARCH_PATHS = (
					"$(inherited)",
					"$(PROJECT_DIR)/Frameworks",
				);
				INFOPLIST_FILE = VolumeControl/Info.plist;
				LD_RUNPATH_SEARCH_PATHS = (
					"$(inherited)",
					"@executable_path/../Frameworks",
					"@loader_path/../Frameworks",
				);
				MACOSX_DEPLOYMENT_TARGET = 11.0;
				PRODUCT_BUNDLE_IDENTIFIER = your.bundle.identifier;
				PRODUCT_NAME = "$(TARGET_NAME)";
				PROVISIONING_PROFILE_SPECIFIER = "";
			};
			name = Debug;
		};
		65996C68267EA86B0080A9A5 /* Release */ = {
			isa = XCBuildConfiguration;
			buildSettings = {
				ASSETCATALOG_COMPILER_APPICON_NAME = AppIcon;
				ASSETCATALOG_COMPILER_GLOBAL_ACCENT_COLOR_NAME = AccentColor;
				CODE_SIGN_ENTITLEMENTS = VolumeControl/VolumeControl.entitlements;
				CODE_SIGN_IDENTITY = "Apple Development";
				CODE_SIGN_STYLE = Automatic;
				COMBINE_HIDPI_IMAGES = YES;
				DEAD_CODE_STRIPPING = YES;
				DEVELOPMENT_TEAM = 9V3X7C8VCK;
				ENABLE_HARDENED_RUNTIME = YES;
				FRAMEWORK_SEARCH_PATHS = (
					"$(inherited)",
					"$(PROJECT_DIR)/Frameworks",
				);
				INFOPLIST_FILE = VolumeControl/Info.plist;
				LD_RUNPATH_SEARCH_PATHS = (
					"$(inherited)",
					"@executable_path/../Frameworks",
					"@loader_path/../Frameworks",
				);
				MACOSX_DEPLOYMENT_TARGET = 11.0;
				PRODUCT_BUNDLE_IDENTIFIER = your.bundle.identifier;
				PRODUCT_NAME = "$(TARGET_NAME)";
				PROVISIONING_PROFILE_SPECIFIER = "";
			};
			name = Release;
		};
/* End XCBuildConfiguration section */

/* Begin XCConfigurationList section */
		65996C50267EA86A0080A9A5 /* Build configuration list for PBXProject "Volume Control" */ = {
			isa = XCConfigurationList;
			buildConfigurations = (
				65996C64267EA86B0080A9A5 /* Debug */,
				65996C65267EA86B0080A9A5 /* Release */,
			);
			defaultConfigurationIsVisible = 0;
			defaultConfigurationName = Release;
		};
		65996C66267EA86B0080A9A5 /* Build configuration list for PBXNativeTarget "Volume Control" */ = {
			isa = XCConfigurationList;
			buildConfigurations = (
				65996C67267EA86B0080A9A5 /* Debug */,
				65996C68267EA86B0080A9A5 /* Release */,
			);
			defaultConfigurationIsVisible = 0;
			defaultConfigurationName = Release;
		};
/* End XCConfigurationList section */
	};
	rootObject = 65996C4D267EA86A0080A9A5 /* Project object */;
}
